
Microsoft Visual Studio Solution File, Format Version 12.00
# Visual Studio Version 17
VisualStudioVersion = 17.8.34330.188
MinimumVisualStudioVersion = 10.0.40219.1
Project("{9A19103F-16F7-4668-BE54-9A1E7A4F7556}") = "HolidaySearch.Tests", "HolidaySearch.Tests\HolidaySearch.Tests.csproj", "{1D103930-F491-49EC-84E9-9B7CB2BB237E}"
EndProject
Project("{9A19103F-16F7-4668-BE54-9A1E7A4F7556}") = "HolidaySearch.Services", "HolidaySearch.Services\HolidaySearch.Services.csproj", "{C2B034CE-ACE9-4946-BCCE-C8A75E84D0DF}"
EndProject
Project("{9A19103F-16F7-4668-BE54-9A1E7A4F7556}") = "HolidaySearch.Services.Abstract", "HolidaySearch.Services.Abstract\HolidaySearch.Services.Abstract.csproj", "{645CB481-D134-42F5-8E94-D28FE41BFB47}"
EndProject
Project("{9A19103F-16F7-4668-BE54-9A1E7A4F7556}") = "HolidaySearch.DataFetcher.Abstract", "HolidaySearch.DataFetcher.Abstract\HolidaySearch.DataFetcher.Abstract.csproj", "{98DC9F3A-D1A8-479C-B726-66B439A185E3}"
EndProject
Project("{9A19103F-16F7-4668-BE54-9A1E7A4F7556}") = "HolidaySearch.DataFetcher", "HolidaySearch.DataFetcher\HolidaySearch.DataFetcher.csproj", "{328E571B-E136-4675-BFAE-A07C4AB95ED7}"
EndProject
Global
	GlobalSection(SolutionConfigurationPlatforms) = preSolution
		Debug|Any CPU = Debug|Any CPU
		Release|Any CPU = Release|Any CPU
	EndGlobalSection
	GlobalSection(ProjectConfigurationPlatforms) = postSolution
		{1D103930-F491-49EC-84E9-9B7CB2BB237E}.Debug|Any CPU.ActiveCfg = Debug|Any CPU
		{1D103930-F491-49EC-84E9-9B7CB2BB237E}.Debug|Any CPU.Build.0 = Debug|Any CPU
		{1D103930-F491-49EC-84E9-9B7CB2BB237E}.Release|Any CPU.ActiveCfg = Release|Any CPU
		{1D103930-F491-49EC-84E9-9B7CB2BB237E}.Release|Any CPU.Build.0 = Release|Any CPU
		{C2B034CE-ACE9-4946-BCCE-C8A75E84D0DF}.Debug|Any CPU.ActiveCfg = Debug|Any CPU
		{C2B034CE-ACE9-4946-BCCE-C8A75E84D0DF}.Debug|Any CPU.Build.0 = Debug|Any CPU
		{C2B034CE-ACE9-4946-BCCE-C8A75E84D0DF}.Release|Any CPU.ActiveCfg = Release|Any CPU
		{C2B034CE-ACE9-4946-BCCE-C8A75E84D0DF}.Release|Any CPU.Build.0 = Release|Any CPU
		{645CB481-D134-42F5-8E94-D28FE41BFB47}.Debug|Any CPU.ActiveCfg = Debug|Any CPU
		{645CB481-D134-42F5-8E94-D28FE41BFB47}.Debug|Any CPU.Build.0 = Debug|Any CPU
		{645CB481-D134-42F5-8E94-D28FE41BFB47}.Release|Any CPU.ActiveCfg = Release|Any CPU
		{645CB481-D134-42F5-8E94-D28FE41BFB47}.Release|Any CPU.Build.0 = Release|Any CPU
		{98DC9F3A-D1A8-479C-B726-66B439A185E3}.Debug|Any CPU.ActiveCfg = Debug|Any CPU
		{98DC9F3A-D1A8-479C-B726-66B439A185E3}.Debug|Any CPU.Build.0 = Debug|Any CPU
		{98DC9F3A-D1A8-479C-B726-66B439A185E3}.Release|Any CPU.ActiveCfg = Release|Any CPU
		{98DC9F3A-D1A8-479C-B726-66B439A185E3}.Release|Any CPU.Build.0 = Release|Any CPU
		{328E571B-E136-4675-BFAE-A07C4AB95ED7}.Debug|Any CPU.ActiveCfg = Debug|Any CPU
		{328E571B-E136-4675-BFAE-A07C4AB95ED7}.Debug|Any CPU.Build.0 = Debug|Any CPU
		{328E571B-E136-4675-BFAE-A07C4AB95ED7}.Release|Any CPU.ActiveCfg = Release|Any CPU
		{328E571B-E136-4675-BFAE-A07C4AB95ED7}.Release|Any CPU.Build.0 = Release|Any CPU
	EndGlobalSection
	GlobalSection(SolutionProperties) = preSolution
		HideSolutionNode = FALSE
	EndGlobalSection
	GlobalSection(ExtensibilityGlobals) = postSolution
		SolutionGuid = {B10EC1B7-BAB7-45D0-B0C4-98CE78A8E692}
	EndGlobalSection
EndGlobal
